
Microsoft Visual Studio Solution File, Format Version 12.00
# Visual Studio Version 17
VisualStudioVersion = 17.9.34607.119
MinimumVisualStudioVersion = 10.0.40219.1
Project("{FAE04EC0-301F-11D3-BF4B-00C04F79EFBC}") = "VegaJuego", "VegaJuego\VegaJuego.csproj", "{CF7E1993-75FD-4FF8-9B1F-BBACBC7BD0CA}"
EndProject
Global
	GlobalSection(SolutionConfigurationPlatforms) = preSolution
		Debug|Any CPU = Debug|Any CPU
		Release|Any CPU = Release|Any CPU
	EndGlobalSection
	GlobalSection(ProjectConfigurationPlatforms) = postSolution
		{CF7E1993-75FD-4FF8-9B1F-BBACBC7BD0CA}.Debug|Any CPU.ActiveCfg = Debug|Any CPU
		{CF7E1993-75FD-4FF8-9B1F-BBACBC7BD0CA}.Debug|Any CPU.Build.0 = Debug|Any CPU
		{CF7E1993-75FD-4FF8-9B1F-BBACBC7BD0CA}.Release|Any CPU.ActiveCfg = Release|Any CPU
		{CF7E1993-75FD-4FF8-9B1F-BBACBC7BD0CA}.Release|Any CPU.Build.0 = Release|Any CPU
	EndGlobalSection
	GlobalSection(SolutionProperties) = preSolution
		HideSolutionNode = FALSE
	EndGlobalSection
	GlobalSection(ExtensibilityGlobals) = postSolution
		SolutionGuid = {DA0A42F3-E7CC-42BA-8B51-48C0F4EB15BC}
	EndGlobalSection
EndGlobal
